
Microsoft Visual Studio Solution File, Format Version 10.00
# Visual Studio 2008
Project("{8BC9CEB8-8B4A-11D0-8D11-00A0C91BC942}") = "StreamMediaPlayer", "StreamMediaPlayer\StreamMediaPlayer.vcproj", "{476BDBCF-D5D7-4EA6-99A0-0DF8EA61290D}"
EndProject
Project("{8BC9CEB8-8B4A-11D0-8D11-00A0C91BC942}") = "IPCDirection", "IPCDirection\IPCDirection.vcproj", "{A13F3254-1A8A-45EC-8CF8-C9342E14C6EC}"
	ProjectSection(ProjectDependencies) = postProject
		{476BDBCF-D5D7-4EA6-99A0-0DF8EA61290D} = {476BDBCF-D5D7-4EA6-99A0-0DF8EA61290D}
	EndProjectSection
EndProject
Global
	GlobalSection(SolutionConfigurationPlatforms) = preSolution
		Debug|Win32 = Debug|Win32
		Release|Win32 = Release|Win32
	EndGlobalSection
	GlobalSection(ProjectConfigurationPlatforms) = postSolution
		{476BDBCF-D5D7-4EA6-99A0-0DF8EA61290D}.Debug|Win32.ActiveCfg = Debug|Win32
		{476BDBCF-D5D7-4EA6-99A0-0DF8EA61290D}.Debug|Win32.Build.0 = Debug|Win32
		{476BDBCF-D5D7-4EA6-99A0-0DF8EA61290D}.Release|Win32.ActiveCfg = Release|Win32
		{476BDBCF-D5D7-4EA6-99A0-0DF8EA61290D}.Release|Win32.Build.0 = Release|Win32
		{A13F3254-1A8A-45EC-8CF8-C9342E14C6EC}.Debug|Win32.ActiveCfg = Debug|Win32
		{A13F3254-1A8A-45EC-8CF8-C9342E14C6EC}.Debug|Win32.Build.0 = Debug|Win32
		{A13F3254-1A8A-45EC-8CF8-C9342E14C6EC}.Release|Win32.ActiveCfg = Release|Win32
		{A13F3254-1A8A-45EC-8CF8-C9342E14C6EC}.Release|Win32.Build.0 = Release|Win32
	EndGlobalSection
	GlobalSection(SolutionProperties) = preSolution
		HideSolutionNode = FALSE
	EndGlobalSection
EndGlobal
